# THIS IS AN AUTOGENERATED FILE. DO NOT EDIT THIS FILE DIRECTLY.
# yarn lockfile v1


base64-js@^1.3.1:
  version "1.5.1"
  resolved "https://registry.yarnpkg.com/base64-js/-/base64-js-1.5.1.tgz#1b1b440160a5bf7ad40b650f095963481903930a"
  integrity sha512-AKpaYlHn8t4SVbOHCy+b5+KKgvR4vrsD8vbvrbiQJps7fKDTkjkDry6ji0rUJjC0kzbNePLwzxq8iypo41qeWA==

buffer@^6.0.3:
  version "6.0.3"
  resolved "https://registry.yarnpkg.com/buffer/-/buffer-6.0.3.tgz#2ace578459cc8fbe2a70aaa8f52ee63b6a74c6c6"
  integrity sha512-FTiCpNxtwiZZHEZbcbTIcZjERVICn9yq/pDFkTl95/AxzD1naBctN7YO68riM/gLSDY7sdrMby8hofADYuuqOA==
  dependencies:
    base64-js "^1.3.1"
    ieee754 "^1.2.1"

event@^1.0.0:
  version "1.0.0"
  resolved "https://registry.yarnpkg.com/event/-/event-1.0.0.tgz#b51232b67ad4e0fe38c4a8cbaff2ff8685278ce3"
  integrity sha1-tRIytnrU4P44xKjLr/L/hoUnjOM=
  dependencies:
    method "~1.0.0"
    reducible "~1.0.1"

events@^3.3.0:
  version "3.3.0"
  resolved "https://registry.yarnpkg.com/events/-/events-3.3.0.tgz#31a95ad0a924e2d2c419a813aeb2c4e878ea7400"
  integrity sha512-mQw+2fkQbALzQ7V0MY0IqdnXNOeTtP4r0lN9z7AAawCXgqea7bDii20AYrIBrFd/Hx0M2Ocz6S111CaFkUcb0Q==

ieee754@^1.2.1:
  version "1.2.1"
  resolved "https://registry.yarnpkg.com/ieee754/-/ieee754-1.2.1.tgz#8eb7a10a63fff25d15a57b001586d177d1b0d352"
  integrity sha512-dcyqhDvX1C46lXZcVqCpK+FtMRQVdIMN6/Df5js2zouUsqG7I6sFxitIC+7KYK29KdXOLHdu9zL4sFnoVQnqaA==

method@~1.0.0:
  version "1.0.2"
  resolved "https://registry.yarnpkg.com/method/-/method-1.0.2.tgz#291f8c29ee443847a2f8906f89fbaa372d4d0916"
  integrity sha1-KR+MKe5EOEei+JBvifuqNy1NCRY=

method@~2.0.x:
  version "2.0.0"
  resolved "https://registry.yarnpkg.com/method/-/method-2.0.0.tgz#e449848defa6daef10b8163d9d9aa2d071b7500f"
  integrity sha1-5EmEje+m2u8QuBY9nZqi0HG3UA8=

reducible@~1.0.1:
  version "1.0.6"
  resolved "https://registry.yarnpkg.com/reducible/-/reducible-1.0.6.tgz#331722d14189f8f392dc9b88341aec603b25c35e"
  integrity sha1-Mxci0UGJ+POS3JuINBrsYDslw14=
  dependencies:
    method "~2.0.x"
